
Microsoft Visual Studio Solution File, Format Version 12.00
# Visual Studio Version 16
VisualStudioVersion = 16.0.30223.230
MinimumVisualStudioVersion = 10.0.40219.1
Project("{9A19103F-16F7-4668-BE54-9A1E7A4F7556}") = "RoslynCodeControls", "RoslynCodeControls\RoslynCodeControls.csproj", "{11194F45-8C7F-4C9B-B69D-B98CEE09082E}"
EndProject
Project("{9A19103F-16F7-4668-BE54-9A1E7A4F7556}") = "NewTestapp", "NewTestapp\NewTestapp.csproj", "{5BBF4890-F49E-4036-A2CB-248029B2A784}"
EndProject
Project("{FAE04EC0-301F-11D3-BF4B-00C04F79EFBC}") = "XUnitTestProject1", "XUnitTestProject1\XUnitTestProject1.csproj", "{709B4518-F181-4DC8-A782-C6A3ECDE6967}"
EndProject
Global
	GlobalSection(SolutionConfigurationPlatforms) = preSolution
		Debug|Any CPU = Debug|Any CPU
		Release|Any CPU = Release|Any CPU
	EndGlobalSection
	GlobalSection(ProjectConfigurationPlatforms) = postSolution
		{11194F45-8C7F-4C9B-B69D-B98CEE09082E}.Debug|Any CPU.ActiveCfg = Debug|Any CPU
		{11194F45-8C7F-4C9B-B69D-B98CEE09082E}.Debug|Any CPU.Build.0 = Debug|Any CPU
		{11194F45-8C7F-4C9B-B69D-B98CEE09082E}.Release|Any CPU.ActiveCfg = Release|Any CPU
		{11194F45-8C7F-4C9B-B69D-B98CEE09082E}.Release|Any CPU.Build.0 = Release|Any CPU
		{5BBF4890-F49E-4036-A2CB-248029B2A784}.Debug|Any CPU.ActiveCfg = Debug|Any CPU
		{5BBF4890-F49E-4036-A2CB-248029B2A784}.Debug|Any CPU.Build.0 = Debug|Any CPU
		{5BBF4890-F49E-4036-A2CB-248029B2A784}.Release|Any CPU.ActiveCfg = Release|Any CPU
		{5BBF4890-F49E-4036-A2CB-248029B2A784}.Release|Any CPU.Build.0 = Release|Any CPU
		{709B4518-F181-4DC8-A782-C6A3ECDE6967}.Debug|Any CPU.ActiveCfg = Debug|Any CPU
		{709B4518-F181-4DC8-A782-C6A3ECDE6967}.Debug|Any CPU.Build.0 = Debug|Any CPU
		{709B4518-F181-4DC8-A782-C6A3ECDE6967}.Release|Any CPU.ActiveCfg = Release|Any CPU
		{709B4518-F181-4DC8-A782-C6A3ECDE6967}.Release|Any CPU.Build.0 = Release|Any CPU
	EndGlobalSection
	GlobalSection(SolutionProperties) = preSolution
		HideSolutionNode = FALSE
	EndGlobalSection
	GlobalSection(ExtensibilityGlobals) = postSolution
		SolutionGuid = {1EFD040C-D6A7-4295-BF79-B0FB1E3DF30F}
	EndGlobalSection
EndGlobal
